<?xml version="1.0" encoding="utf-8"?>
<Project ToolsVersion="4.0" xmlns="http://schemas.microsoft.com/developer/msbuild/2003">
  <ItemGroup>
    <ClCompile Include="TextDrawAntiAliasingFix.cpp" />
    <ClCompile Include="config.cpp" />
    <ClCompile Include="hooks.cpp" />
    <ClCompile Include="patch.cpp" />
    <ClCompile Include="samp.cpp" />
    <ClCompile Include="surfaces.cpp" />
  </ItemGroup>
  <ItemGroup>
    <ClInclude Include="addresses.h" />
    <ClInclude Include="config.h" />
    <ClInclude Include="hooks.h" />
    <ClInclude Include="patch.h" />
    <ClInclude Include="resource.h" />
    <ClInclude Include="samp.h" />
    <ClInclude Include="surfaces.h" />
    <ClInclude Include="version.h" />
  </ItemGroup>
  <ItemGroup>
    <ResourceCompile Include="TextDrawAntiAliasingFix.rc" />
  </ItemGroup>
  <ItemGroup>
    <None Include="..\.github\workflows\release.yml" />
    <None Include="..\CHANGELOG.md" />
    <None Include="..\LICENSE" />
    <None Include="..\README.md" />
    <None Include="..\Config\TextDrawAntiAliasingFix.ini" />
  </ItemGroup>
</Project>
